// !$*UTF8*$!
{
	archiveVersion = 1;
	classes = {
	};
	objectVersion = 50;
	objects = {

/* Begin PBXBuildFile section */
		77225938245DD3F9000A454B /* AppDelegate.swift in Sources */ = {isa = PBXBuildFile; fileRef = 77225937245DD3F9000A454B /* AppDelegate.swift */; };
		7722593A245DD3F9000A454B /* SceneDelegate.swift in Sources */ = {isa = PBXBuildFile; fileRef = 77225939245DD3F9000A454B /* SceneDelegate.swift */; };
		7722593C245DD3F9000A454B /* ContentView.swift in Sources */ = {isa = PBXBuildFile; fileRef = 7722593B245DD3F9000A454B /* ContentView.swift */; };
		7722593E245DD3FB000A454B /* Assets.xcassets in Resources */ = {isa = PBXBuildFile; fileRef = 7722593D245DD3FB000A454B /* Assets.xcassets */; };
		77225941245DD3FB000A454B /* Preview Assets.xcassets in Resources */ = {isa = PBXBuildFile; fileRef = 77225940245DD3FB000A454B /* Preview Assets.xcassets */; };
		77225944245DD3FB000A454B /* LaunchScreen.storyboard in Resources */ = {isa = PBXBuildFile; fileRef = 77225942245DD3FB000A454B /* LaunchScreen.storyboard */; };
		7722594E245DD5D6000A454B /* SUImagePickerView.swift in Sources */ = {isa = PBXBuildFile; fileRef = 7722594D245DD5D6000A454B /* SUImagePickerView.swift */; };
/* End PBXBuildFile section */

/* Begin PBXFileReference section */
		77225934245DD3F9000A454B /* SUImagePickerView.app */ = {isa = PBXFileReference; explicitFileType = wrapper.application; includeInIndex = 0; path = SUImagePickerView.app; sourceTree = BUILT_PRODUCTS_DIR; };
		77225937245DD3F9000A454B /* AppDelegate.swift */ = {isa = PBXFileReference; lastKnownFileType = sourcecode.swift; path = AppDelegate.swift; sourceTree = "<group>"; };
		77225939245DD3F9000A454B /* SceneDelegate.swift */ = {isa = PBXFileReference; lastKnownFileType = sourcecode.swift; path = SceneDelegate.swift; sourceTree = "<group>"; };
		7722593B245DD3F9000A454B /* ContentView.swift */ = {isa = PBXFileReference; lastKnownFileType = sourcecode.swift; path = ContentView.swift; sourceTree = "<group>"; };
		7722593D245DD3FB000A454B /* Assets.xcassets */ = {isa = PBXFileReference; lastKnownFileType = folder.assetcatalog; path = Assets.xcassets; sourceTree = "<group>"; };
		77225940245DD3FB000A454B /* Preview Assets.xcassets */ = {isa = PBXFileReference; lastKnownFileType = folder.assetcatalog; path = "Preview Assets.xcassets"; sourceTree = "<group>"; };
		77225943245DD3FB000A454B /* Base */ = {isa = PBXFileReference; lastKnownFileType = file.storyboard; name = Base; path = Base.lproj/LaunchScreen.storyboard; sourceTree = "<group>"; };
		77225945245DD3FB000A454B /* Info.plist */ = {isa = PBXFileReference; lastKnownFileType = text.plist.xml; path = Info.plist; sourceTree = "<group>"; };
		7722594D245DD5D6000A454B /* SUImagePickerView.swift */ = {isa = PBXFileReference; fileEncoding = 4; lastKnownFileType = sourcecode.swift; path = SUImagePickerView.swift; sourceTree = "<group>"; };
/* End PBXFileReference section */

/* Begin PBXFrameworksBuildPhase section */
		77225931245DD3F9000A454B /* Frameworks */ = {
			isa = PBXFrameworksBuildPhase;
			buildActionMask = 2147483647;
			files = (
			);
			runOnlyForDeploymentPostprocessing = 0;
		};
/* End PBXFrameworksBuildPhase section */

/* Begin PBXGroup section */
		7722592B245DD3F9000A454B = {
			isa = PBXGroup;
			children = (
				77225936245DD3F9000A454B /* SUImagePickerView */,
				77225935245DD3F9000A454B /* Products */,
			);
			sourceTree = "<group>";
		};
		77225935245DD3F9000A454B /* Products */ = {
			isa = PBXGroup;
			children = (
				77225934245DD3F9000A454B /* SUImagePickerView.app */,
			);
			name = Products;
			sourceTree = "<group>";
		};
		77225936245DD3F9000A454B /* SUImagePickerView */ = {
			isa = PBXGroup;
			children = (
				7722594D245DD5D6000A454B /* SUImagePickerView.swift */,
				77225937245DD3F9000A454B /* AppDelegate.swift */,
				77225939245DD3F9000A454B /* SceneDelegate.swift */,
				7722593B245DD3F9000A454B /* ContentView.swift */,
				7722593D245DD3FB000A454B /* Assets.xcassets */,
				77225942245DD3FB000A454B /* LaunchScreen.storyboard */,
				77225945245DD3FB000A454B /* Info.plist */,
				7722593F245DD3FB000A454B /* Preview Content */,
			);
			path = SUImagePickerView;
			sourceTree = "<group>";
		};
		7722593F245DD3FB000A454B /* Preview Content */ = {
			isa = PBXGroup;
			children = (
				77225940245DD3FB000A454B /* Preview Assets.xcassets */,
			);
			path = "Preview Content";
			sourceTree = "<group>";
		};
/* End PBXGroup section */

/* Begin PBXNativeTarget section */
		77225933245DD3F9000A454B /* SUImagePickerView */ = {
			isa = PBXNativeTarget;
			buildConfigurationList = 77225948245DD3FB000A454B /* Build configuration list for PBXNativeTarget "SUImagePickerView" */;
			buildPhases = (
				77225930245DD3F9000A454B /* Sources */,
				77225931245DD3F9000A454B /* Frameworks */,
				77225932245DD3F9000A454B /* Resources */,
			);
			buildRules = (
			);
			dependencies = (
			);
			name = SUImagePickerView;
			productName = SUImagePickerView;
			productReference = 77225934245DD3F9000A454B /* SUImagePickerView.app */;
			productType = "com.apple.product-type.application";
		};
/* End PBXNativeTarget section */

/* Begin PBXProject section */
		7722592C245DD3F9000A454B /* Project object */ = {
			isa = PBXProject;
			attributes = {
				LastSwiftUpdateCheck = 1140;
				LastUpgradeCheck = 1140;
				ORGANIZATIONNAME = "Karthick Selvaraj";
				TargetAttributes = {
					77225933245DD3F9000A454B = {
						CreatedOnToolsVersion = 11.4.1;
					};
				};
			};
			buildConfigurationList = 7722592F245DD3F9000A454B /* Build configuration list for PBXProject "SUImagePickerView" */;
			compatibilityVersion = "Xcode 9.3";
			developmentRegion = en;
			hasScannedForEncodings = 0;
			knownRegions = (
				en,
				Base,
			);
			mainGroup = 7722592B245DD3F9000A454B;
			productRefGroup = 77225935245DD3F9000A454B /* Products */;
			projectDirPath = "";
			projectRoot = "";
			targets = (
				77225933245DD3F9000A454B /* SUImagePickerView */,
			);
		};
/* End PBXProject section */

/* Begin PBXResourcesBuildPhase section */
		77225932245DD3F9000A454B /* Resources */ = {
			isa = PBXResourcesBuildPhase;
			buildActionMask = 2147483647;
			files = (
				77225944245DD3FB000A454B /* LaunchScreen.storyboard in Resources */,
				77225941245DD3FB000A454B /* Preview Assets.xcassets in Resources */,
				7722593E245DD3FB000A454B /* Assets.xcassets in Resources */,
			);
			runOnlyForDeploymentPostprocessing = 0;
		};
/* End PBXResourcesBuildPhase section */

/* Begin PBXSourcesBuildPhase section */
		77225930245DD3F9000A454B /* Sources */ = {
			isa = PBXSourcesBuildPhase;
			buildActionMask = 2147483647;
			files = (
				77225938245DD3F9000A454B /* AppDelegate.swift in Sources */,
				7722593A245DD3F9000A454B /* SceneDelegate.swift in Sources */,
				7722594E245DD5D6000A454B /* SUImagePickerView.swift in Sources */,
				7722593C245DD3F9000A454B /* ContentView.swift in Sources */,
			);
			runOnlyForDeploymentPostprocessing = 0;
		};
/* End PBXSourcesBuildPhase section */

/* Begin PBXVariantGroup section */
		77225942245DD3FB000A454B /* LaunchScreen.storyboard */ = {
			isa = PBXVariantGroup;
			children = (
				77225943245DD3FB000A454B /* Base */,
			);
			name = LaunchScreen.storyboard;
			sourceTree = "<group>";
		};
/* End PBXVariantGroup section */

/* Begin XCBuildConfiguration section */
		77225946245DD3FB000A454B /* Debug */ = {
			isa = XCBuildConfiguration;
			buildSettings = {
				ALWAYS_SEARCH_USER_PATHS = NO;
				CLANG_ANALYZER_NONNULL = YES;
				CLANG_ANALYZER_NUMBER_OBJECT_CONVERSION = YES_AGGRESSIVE;
				CLANG_CXX_LANGUAGE_STANDARD = "gnu++14";
				CLANG_CXX_LIBRARY = "libc++";
				CLANG_ENABLE_MODULES = YES;
				CLANG_ENABLE_OBJC_ARC = YES;
				CLANG_ENABLE_OBJC_WEAK = YES;
				CLANG_WARN_BLOCK_CAPTURE_AUTORELEASING = YES;
				CLANG_WARN_BOOL_CONVERSION = YES;
				CLANG_WARN_COMMA = YES;
				CLANG_WARN_CONSTANT_CONVERSION = YES;
				CLANG_WARN_DEPRECATED_OBJC_IMPLEMENTATIONS = YES;
				CLANG_WARN_DIRECT_OBJC_ISA_USAGE = YES_ERROR;
				CLANG_WARN_DOCUMENTATION_COMMENTS = YES;
				CLANG_WARN_EMPTY_BODY = YES;
				CLANG_WARN_ENUM_CONVERSION = YES;
				CLANG_WARN_INFINITE_RECURSION = YES;
				CLANG_WARN_INT_CONVERSION = YES;
				CLANG_WARN_NON_LITERAL_NULL_CONVERSION = YES;
				CLANG_WARN_OBJC_IMPLICIT_RETAIN_SELF = YES;
				CLANG_WARN_OBJC_LITERAL_CONVERSION = YES;
				CLANG_WARN_OBJC_ROOT_CLASS = YES_ERROR;
				CLANG_WARN_RANGE_LOOP_ANALYSIS = YES;
				CLANG_WARN_STRICT_PROTOTYPES = YES;
				CLANG_WARN_SUSPICIOUS_MOVE = YES;
				CLANG_WARN_UNGUARDED_AVAILABILITY = YES_AGGRESSIVE;
				CLANG_WARN_UNREACHABLE_CODE = YES;
				CLANG_WARN__DUPLICATE_METHOD_MATCH = YES;
				COPY_PHASE_STRIP = NO;
				DEBUG_INFORMATION_FORMAT = dwarf;
				ENABLE_STRICT_OBJC_MSGSEND = YES;
				ENABLE_TESTABILITY = YES;
				GCC_C_LANGUAGE_STANDARD = gnu11;
				GCC_DYNAMIC_NO_PIC = NO;
				GCC_NO_COMMON_BLOCKS = YES;
				GCC_OPTIMIZATION_LEVEL = 0;
				GCC_PREPROCESSOR_DEFINITIONS = (
					"DEBUG=1",
					"$(inherited)",
				);
				GCC_WARN_64_TO_32_BIT_CONVERSION = YES;
				GCC_WARN_ABOUT_RETURN_TYPE = YES_ERROR;
				GCC_WARN_UNDECLARED_SELECTOR = YES;
				GCC_WARN_UNINITIALIZED_AUTOS = YES_AGGRESSIVE;
				GCC_WARN_UNUSED_FUNCTION = YES;
				GCC_WARN_UNUSED_VARIABLE = YES;
				IPHONEOS_DEPLOYMENT_TARGET = 13.4;
				MTL_ENABLE_DEBUG_INFO = INCLUDE_SOURCE;
				MTL_FAST_MATH = YES;
				ONLY_ACTIVE_ARCH = YES;
				SDKROOT = iphoneos;
				SWIFT_ACTIVE_COMPILATION_CONDITIONS = DEBUG;
				SWIFT_OPTIMIZATION_LEVEL = "-Onone";
			};
			name = Debug;
		};
		77225947245DD3FB000A454B /* Release */ = {
			isa = XCBuildConfiguration;
			buildSettings = {
				ALWAYS_SEARCH_USER_PATHS = NO;
				CLANG_ANALYZER_NONNULL = YES;
				CLANG_ANALYZER_NUMBER_OBJECT_CONVERSION = YES_AGGRESSIVE;
				CLANG_CXX_LANGUAGE_STANDARD = "gnu++14";
				CLANG_CXX_LIBRARY = "libc++";
				CLANG_ENABLE_MODULES = YES;
				CLANG_ENABLE_OBJC_ARC = YES;
				CLANG_ENABLE_OBJC_WEAK = YES;
				CLANG_WARN_BLOCK_CAPTURE_AUTORELEASING = YES;
				CLANG_WARN_BOOL_CONVERSION = YES;
				CLANG_WARN_COMMA = YES;
				CLANG_WARN_CONSTANT_CONVERSION = YES;
				CLANG_WARN_DEPRECATED_OBJC_IMPLEMENTATIONS = YES;
				CLANG_WARN_DIRECT_OBJC_ISA_USAGE = YES_ERROR;
				CLANG_WARN_DOCUMENTATION_COMMENTS = YES;
				CLANG_WARN_EMPTY_BODY = YES;
				CLANG_WARN_ENUM_CONVERSION = YES;
				CLANG_WARN_INFINITE_RECURSION = YES;
				CLANG_WARN_INT_CONVERSION = YES;
				CLANG_WARN_NON_LITERAL_NULL_CONVERSION = YES;
				CLANG_WARN_OBJC_IMPLICIT_RETAIN_SELF = YES;
				CLANG_WARN_OBJC_LITERAL_CONVERSION = YES;
				CLANG_WARN_OBJC_ROOT_CLASS = YES_ERROR;
				CLANG_WARN_RANGE_LOOP_ANALYSIS = YES;
				CLANG_WARN_STRICT_PROTOTYPES = YES;
				CLANG_WARN_SUSPICIOUS_MOVE = YES;
				CLANG_WARN_UNGUARDED_AVAILABILITY = YES_AGGRESSIVE;
				CLANG_WARN_UNREACHABLE_CODE = YES;
				CLANG_WARN__DUPLICATE_METHOD_MATCH = YES;
				COPY_PHASE_STRIP = NO;
				DEBUG_INFORMATION_FORMAT = "dwarf-with-dsym";
				ENABLE_NS_ASSERTIONS = NO;
				ENABLE_STRICT_OBJC_MSGSEND = YES;
				GCC_C_LANGUAGE_STANDARD = gnu11;
				GCC_NO_COMMON_BLOCKS = YES;
				GCC_WARN_64_TO_32_BIT_CONVERSION = YES;
				GCC_WARN_ABOUT_RETURN_TYPE = YES_ERROR;
				GCC_WARN_UNDECLARED_SELECTOR = YES;
				GCC_WARN_UNINITIALIZED_AUTOS = YES_AGGRESSIVE;
				GCC_WARN_UNUSED_FUNCTION = YES;
				GCC_WARN_UNUSED_VARIABLE = YES;
				IPHONEOS_DEPLOYMENT_TARGET = 13.4;
				MTL_ENABLE_DEBUG_INFO = NO;
				MTL_FAST_MATH = YES;
				SDKROOT = iphoneos;
				SWIFT_COMPILATION_MODE = wholemodule;
				SWIFT_OPTIMIZATION_LEVEL = "-O";
				VALIDATE_PRODUCT = YES;
			};
			name = Release;
		};
		77225949245DD3FB000A454B /* Debug */ = {
			isa = XCBuildConfiguration;
			buildSettings = {
				ASSETCATALOG_COMPILER_APPICON_NAME = AppIcon;
				CODE_SIGN_STYLE = Automatic;
				DEVELOPMENT_ASSET_PATHS = "\"SUImagePickerView/Preview Content\"";
				DEVELOPMENT_TEAM = S2C7F4L8G5;
				ENABLE_PREVIEWS = YES;
				INFOPLIST_FILE = SUImagePickerView/Info.plist;
				IPHONEOS_DEPLOYMENT_TARGET = 13.0;
				LD_RUNPATH_SEARCH_PATHS = (
					"$(inherited)",
					"@executable_path/Frameworks",
				);
				PRODUCT_BUNDLE_IDENTIFIER = com.demo.SUImagePickerView;
				PRODUCT_NAME = "$(TARGET_NAME)";
				SWIFT_VERSION = 5.0;
				TARGETED_DEVICE_FAMILY = 1;
			};
			name = Debug;
		};
		7722594A245DD3FB000A454B /* Release */ = {
			isa = XCBuildConfiguration;
			buildSettings = {
				ASSETCATALOG_COMPILER_APPICON_NAME = AppIcon;
				CODE_SIGN_STYLE = Automatic;
				DEVELOPMENT_ASSET_PATHS = "\"SUImagePickerView/Preview Content\"";
				DEVELOPMENT_TEAM = S2C7F4L8G5;
				ENABLE_PREVIEWS = YES;
				INFOPLIST_FILE = SUImagePickerView/Info.plist;
				IPHONEOS_DEPLOYMENT_TARGET = 13.0;
				LD_RUNPATH_SEARCH_PATHS = (
					"$(inherited)",
					"@executable_path/Frameworks",
				);
				PRODUCT_BUNDLE_IDENTIFIER = com.demo.SUImagePickerView;
				PRODUCT_NAME = "$(TARGET_NAME)";
				SWIFT_VERSION = 5.0;
				TARGETED_DEVICE_FAMILY = 1;
			};
			name = Release;
		};
/* End XCBuildConfiguration section */

/* Begin XCConfigurationList section */
		7722592F245DD3F9000A454B /* Build configuration list for PBXProject "SUImagePickerView" */ = {
			isa = XCConfigurationList;
			buildConfigurations = (
				77225946245DD3FB000A454B /* Debug */,
				77225947245DD3FB000A454B /* Release */,
			);
			defaultConfigurationIsVisible = 0;
			defaultConfigurationName = Release;
		};
		77225948245DD3FB000A454B /* Build configuration list for PBXNativeTarget "SUImagePickerView" */ = {
			isa = XCConfigurationList;
			buildConfigurations = (
				77225949245DD3FB000A454B /* Debug */,
				7722594A245DD3FB000A454B /* Release */,
			);
			defaultConfigurationIsVisible = 0;
			defaultConfigurationName = Release;
		};
/* End XCConfigurationList section */
	};
	rootObject = 7722592C245DD3F9000A454B /* Project object */;
}
